
Microsoft Visual Studio Solution File, Format Version 12.00
# Visual Studio Version 16
VisualStudioVersion = 16.0.32901.82
MinimumVisualStudioVersion = 10.0.40219.1
Project("{FAE04EC0-301F-11D3-BF4B-00C04F79EFBC}") = "MyNotepad", "MyNotepad\MyNotepad.csproj", "{1D7AF6F3-37D8-41A8-B01A-E2B005BD9C42}"
EndProject
Global
	GlobalSection(SolutionConfigurationPlatforms) = preSolution
		Debug|Any CPU = Debug|Any CPU
		Release|Any CPU = Release|Any CPU
	EndGlobalSection
	GlobalSection(ProjectConfigurationPlatforms) = postSolution
		{1D7AF6F3-37D8-41A8-B01A-E2B005BD9C42}.Debug|Any CPU.ActiveCfg = Debug|Any CPU
		{1D7AF6F3-37D8-41A8-B01A-E2B005BD9C42}.Debug|Any CPU.Build.0 = Debug|Any CPU
		{1D7AF6F3-37D8-41A8-B01A-E2B005BD9C42}.Release|Any CPU.ActiveCfg = Release|Any CPU
		{1D7AF6F3-37D8-41A8-B01A-E2B005BD9C42}.Release|Any CPU.Build.0 = Release|Any CPU
	EndGlobalSection
	GlobalSection(SolutionProperties) = preSolution
		HideSolutionNode = FALSE
	EndGlobalSection
	GlobalSection(ExtensibilityGlobals) = postSolution
		SolutionGuid = {4A35674F-6D7E-44F2-8A8E-73CEB161AFE4}
	EndGlobalSection
EndGlobal
